// !$*UTF8*$!
{
	archiveVersion = 1;
	classes = {
	};
	objectVersion = 55;
	objects = {

/* Begin PBXBuildFile section */
		D45F51212884965B009CCF94 /* WordleCloneApp.swift in Sources */ = {isa = PBXBuildFile; fileRef = D45F511128849659009CCF94 /* WordleCloneApp.swift */; };
		D45F51222884965B009CCF94 /* WordleCloneApp.swift in Sources */ = {isa = PBXBuildFile; fileRef = D45F511128849659009CCF94 /* WordleCloneApp.swift */; };
		D45F51232884965B009CCF94 /* GameView.swift in Sources */ = {isa = PBXBuildFile; fileRef = D45F511228849659009CCF94 /* GameView.swift */; };
		D45F51242884965B009CCF94 /* GameView.swift in Sources */ = {isa = PBXBuildFile; fileRef = D45F511228849659009CCF94 /* GameView.swift */; };
		D45F51252884965B009CCF94 /* Assets.xcassets in Resources */ = {isa = PBXBuildFile; fileRef = D45F51132884965B009CCF94 /* Assets.xcassets */; };
		D45F51262884965B009CCF94 /* Assets.xcassets in Resources */ = {isa = PBXBuildFile; fileRef = D45F51132884965B009CCF94 /* Assets.xcassets */; };
		D45F513028849812009CCF94 /* Launch Screen.storyboard in Resources */ = {isa = PBXBuildFile; fileRef = D45F512F28849812009CCF94 /* Launch Screen.storyboard */; };
		D45F513128849812009CCF94 /* Launch Screen.storyboard in Resources */ = {isa = PBXBuildFile; fileRef = D45F512F28849812009CCF94 /* Launch Screen.storyboard */; };
		D45F51352884A4A9009CCF94 /* Color+Extension.swift in Sources */ = {isa = PBXBuildFile; fileRef = D45F51342884A4A9009CCF94 /* Color+Extension.swift */; };
		D45F51362884A4A9009CCF94 /* Color+Extension.swift in Sources */ = {isa = PBXBuildFile; fileRef = D45F51342884A4A9009CCF94 /* Color+Extension.swift */; };
		D45F513C2884A953009CCF94 /* Guess.swift in Sources */ = {isa = PBXBuildFile; fileRef = D45F513B2884A953009CCF94 /* Guess.swift */; };
		D45F513D2884A953009CCF94 /* Guess.swift in Sources */ = {isa = PBXBuildFile; fileRef = D45F513B2884A953009CCF94 /* Guess.swift */; };
		D45F51402884AADA009CCF94 /* GuessView.swift in Sources */ = {isa = PBXBuildFile; fileRef = D45F513F2884AADA009CCF94 /* GuessView.swift */; };
		D45F51412884AADA009CCF94 /* GuessView.swift in Sources */ = {isa = PBXBuildFile; fileRef = D45F513F2884AADA009CCF94 /* GuessView.swift */; };
		D45F51442884B679009CCF94 /* WordleDataModel.swift in Sources */ = {isa = PBXBuildFile; fileRef = D45F51432884B679009CCF94 /* WordleDataModel.swift */; };
		D45F51452884B679009CCF94 /* WordleDataModel.swift in Sources */ = {isa = PBXBuildFile; fileRef = D45F51432884B679009CCF94 /* WordleDataModel.swift */; };
		D45F51472884BB45009CCF94 /* Global.swift in Sources */ = {isa = PBXBuildFile; fileRef = D45F51462884BB45009CCF94 /* Global.swift */; };
		D45F51482884BB45009CCF94 /* Global.swift in Sources */ = {isa = PBXBuildFile; fileRef = D45F51462884BB45009CCF94 /* Global.swift */; };
		D4CDF8812888971E002BB7D4 /* LetterButtonView.swift in Sources */ = {isa = PBXBuildFile; fileRef = D4CDF8802888971E002BB7D4 /* LetterButtonView.swift */; };
		D4CDF8822888971E002BB7D4 /* LetterButtonView.swift in Sources */ = {isa = PBXBuildFile; fileRef = D4CDF8802888971E002BB7D4 /* LetterButtonView.swift */; };
		D4CDF8842888ADAB002BB7D4 /* Keyboard.swift in Sources */ = {isa = PBXBuildFile; fileRef = D4CDF8832888ADAB002BB7D4 /* Keyboard.swift */; };
		D4CDF8852888ADAB002BB7D4 /* Keyboard.swift in Sources */ = {isa = PBXBuildFile; fileRef = D4CDF8832888ADAB002BB7D4 /* Keyboard.swift */; };
/* End PBXBuildFile section */

/* Begin PBXFileReference section */
		D45F511128849659009CCF94 /* WordleCloneApp.swift */ = {isa = PBXFileReference; lastKnownFileType = sourcecode.swift; path = WordleCloneApp.swift; sourceTree = "<group>"; };
		D45F511228849659009CCF94 /* GameView.swift */ = {isa = PBXFileReference; lastKnownFileType = sourcecode.swift; path = GameView.swift; sourceTree = "<group>"; };
		D45F51132884965B009CCF94 /* Assets.xcassets */ = {isa = PBXFileReference; lastKnownFileType = folder.assetcatalog; path = Assets.xcassets; sourceTree = "<group>"; };
		D45F51182884965B009CCF94 /* WordleClone.app */ = {isa = PBXFileReference; explicitFileType = wrapper.application; includeInIndex = 0; path = WordleClone.app; sourceTree = BUILT_PRODUCTS_DIR; };
		D45F511E2884965B009CCF94 /* WordleClone.app */ = {isa = PBXFileReference; explicitFileType = wrapper.application; includeInIndex = 0; path = WordleClone.app; sourceTree = BUILT_PRODUCTS_DIR; };
		D45F51202884965B009CCF94 /* macOS.entitlements */ = {isa = PBXFileReference; lastKnownFileType = text.plist.entitlements; path = macOS.entitlements; sourceTree = "<group>"; };
		D45F512F28849812009CCF94 /* Launch Screen.storyboard */ = {isa = PBXFileReference; lastKnownFileType = file.storyboard; path = "Launch Screen.storyboard"; sourceTree = "<group>"; };
		D45F513228849910009CCF94 /* WordleClone--iOS--Info.plist */ = {isa = PBXFileReference; lastKnownFileType = text.plist; path = "WordleClone--iOS--Info.plist"; sourceTree = "<group>"; };
		D45F51342884A4A9009CCF94 /* Color+Extension.swift */ = {isa = PBXFileReference; lastKnownFileType = sourcecode.swift; path = "Color+Extension.swift"; sourceTree = "<group>"; };
		D45F513B2884A953009CCF94 /* Guess.swift */ = {isa = PBXFileReference; lastKnownFileType = sourcecode.swift; path = Guess.swift; sourceTree = "<group>"; };
		D45F513F2884AADA009CCF94 /* GuessView.swift */ = {isa = PBXFileReference; lastKnownFileType = sourcecode.swift; path = GuessView.swift; sourceTree = "<group>"; };
		D45F51432884B679009CCF94 /* WordleDataModel.swift */ = {isa = PBXFileReference; lastKnownFileType = sourcecode.swift; path = WordleDataModel.swift; sourceTree = "<group>"; };
		D45F51462884BB45009CCF94 /* Global.swift */ = {isa = PBXFileReference; lastKnownFileType = sourcecode.swift; path = Global.swift; sourceTree = "<group>"; };
		D4CDF8802888971E002BB7D4 /* LetterButtonView.swift */ = {isa = PBXFileReference; lastKnownFileType = sourcecode.swift; path = LetterButtonView.swift; sourceTree = "<group>"; };
		D4CDF8832888ADAB002BB7D4 /* Keyboard.swift */ = {isa = PBXFileReference; lastKnownFileType = sourcecode.swift; path = Keyboard.swift; sourceTree = "<group>"; };
/* End PBXFileReference section */

/* Begin PBXFrameworksBuildPhase section */
		D45F51152884965B009CCF94 /* Frameworks */ = {
			isa = PBXFrameworksBuildPhase;
			buildActionMask = 2147483647;
			files = (
			);
			runOnlyForDeploymentPostprocessing = 0;
		};
		D45F511B2884965B009CCF94 /* Frameworks */ = {
			isa = PBXFrameworksBuildPhase;
			buildActionMask = 2147483647;
			files = (
			);
			runOnlyForDeploymentPostprocessing = 0;
		};
/* End PBXFrameworksBuildPhase section */

/* Begin PBXGroup section */
		D45F510B28849659009CCF94 = {
			isa = PBXGroup;
			children = (
				D45F513228849910009CCF94 /* WordleClone--iOS--Info.plist */,
				D45F511028849659009CCF94 /* Shared */,
				D45F511F2884965B009CCF94 /* macOS */,
				D45F51192884965B009CCF94 /* Products */,
			);
			sourceTree = "<group>";
		};
		D45F511028849659009CCF94 /* Shared */ = {
			isa = PBXGroup;
			children = (
				D45F513A2884A941009CCF94 /* Models */,
				D45F513E2884AAC2009CCF94 /* Views */,
				D45F51422884B65D009CCF94 /* ViewModels */,
				D45F51332884A48E009CCF94 /* Extensions */,
				D45F511128849659009CCF94 /* WordleCloneApp.swift */,
				D45F512F28849812009CCF94 /* Launch Screen.storyboard */,
				D45F51132884965B009CCF94 /* Assets.xcassets */,
			);
			path = Shared;
			sourceTree = "<group>";
		};
		D45F51192884965B009CCF94 /* Products */ = {
			isa = PBXGroup;
			children = (
				D45F51182884965B009CCF94 /* WordleClone.app */,
				D45F511E2884965B009CCF94 /* WordleClone.app */,
			);
			name = Products;
			sourceTree = "<group>";
		};
		D45F511F2884965B009CCF94 /* macOS */ = {
			isa = PBXGroup;
			children = (
				D45F51202884965B009CCF94 /* macOS.entitlements */,
			);
			path = macOS;
			sourceTree = "<group>";
		};
		D45F51332884A48E009CCF94 /* Extensions */ = {
			isa = PBXGroup;
			children = (
				D45F51342884A4A9009CCF94 /* Color+Extension.swift */,
			);
			path = Extensions;
			sourceTree = "<group>";
		};
		D45F513A2884A941009CCF94 /* Models */ = {
			isa = PBXGroup;
			children = (
				D45F513B2884A953009CCF94 /* Guess.swift */,
				D45F51462884BB45009CCF94 /* Global.swift */,
			);
			path = Models;
			sourceTree = "<group>";
		};
		D45F513E2884AAC2009CCF94 /* Views */ = {
			isa = PBXGroup;
			children = (
				D45F511228849659009CCF94 /* GameView.swift */,
				D45F513F2884AADA009CCF94 /* GuessView.swift */,
				D4CDF8802888971E002BB7D4 /* LetterButtonView.swift */,
				D4CDF8832888ADAB002BB7D4 /* Keyboard.swift */,
			);
			path = Views;
			sourceTree = "<group>";
		};
		D45F51422884B65D009CCF94 /* ViewModels */ = {
			isa = PBXGroup;
			children = (
				D45F51432884B679009CCF94 /* WordleDataModel.swift */,
			);
			path = ViewModels;
			sourceTree = "<group>";
		};
/* End PBXGroup section */

/* Begin PBXNativeTarget section */
		D45F51172884965B009CCF94 /* WordleClone (iOS) */ = {
			isa = PBXNativeTarget;
			buildConfigurationList = D45F51292884965B009CCF94 /* Build configuration list for PBXNativeTarget "WordleClone (iOS)" */;
			buildPhases = (
				D45F51142884965B009CCF94 /* Sources */,
				D45F51152884965B009CCF94 /* Frameworks */,
				D45F51162884965B009CCF94 /* Resources */,
			);
			buildRules = (
			);
			dependencies = (
			);
			name = "WordleClone (iOS)";
			productName = "WordleClone (iOS)";
			productReference = D45F51182884965B009CCF94 /* WordleClone.app */;
			productType = "com.apple.product-type.application";
		};
		D45F511D2884965B009CCF94 /* WordleClone (macOS) */ = {
			isa = PBXNativeTarget;
			buildConfigurationList = D45F512C2884965B009CCF94 /* Build configuration list for PBXNativeTarget "WordleClone (macOS)" */;
			buildPhases = (
				D45F511A2884965B009CCF94 /* Sources */,
				D45F511B2884965B009CCF94 /* Frameworks */,
				D45F511C2884965B009CCF94 /* Resources */,
			);
			buildRules = (
			);
			dependencies = (
			);
			name = "WordleClone (macOS)";
			productName = "WordleClone (macOS)";
			productReference = D45F511E2884965B009CCF94 /* WordleClone.app */;
			productType = "com.apple.product-type.application";
		};
/* End PBXNativeTarget section */

/* Begin PBXProject section */
		D45F510C28849659009CCF94 /* Project object */ = {
			isa = PBXProject;
			attributes = {
				BuildIndependentTargetsInParallel = 1;
				LastSwiftUpdateCheck = 1340;
				LastUpgradeCheck = 1340;
				TargetAttributes = {
					D45F51172884965B009CCF94 = {
						CreatedOnToolsVersion = 13.4.1;
					};
					D45F511D2884965B009CCF94 = {
						CreatedOnToolsVersion = 13.4.1;
					};
				};
			};
			buildConfigurationList = D45F510F28849659009CCF94 /* Build configuration list for PBXProject "WordleClone" */;
			compatibilityVersion = "Xcode 13.0";
			developmentRegion = en;
			hasScannedForEncodings = 0;
			knownRegions = (
				en,
				Base,
			);
			mainGroup = D45F510B28849659009CCF94;
			productRefGroup = D45F51192884965B009CCF94 /* Products */;
			projectDirPath = "";
			projectRoot = "";
			targets = (
				D45F51172884965B009CCF94 /* WordleClone (iOS) */,
				D45F511D2884965B009CCF94 /* WordleClone (macOS) */,
			);
		};
/* End PBXProject section */

/* Begin PBXResourcesBuildPhase section */
		D45F51162884965B009CCF94 /* Resources */ = {
			isa = PBXResourcesBuildPhase;
			buildActionMask = 2147483647;
			files = (
				D45F513028849812009CCF94 /* Launch Screen.storyboard in Resources */,
				D45F51252884965B009CCF94 /* Assets.xcassets in Resources */,
			);
			runOnlyForDeploymentPostprocessing = 0;
		};
		D45F511C2884965B009CCF94 /* Resources */ = {
			isa = PBXResourcesBuildPhase;
			buildActionMask = 2147483647;
			files = (
				D45F513128849812009CCF94 /* Launch Screen.storyboard in Resources */,
				D45F51262884965B009CCF94 /* Assets.xcassets in Resources */,
			);
			runOnlyForDeploymentPostprocessing = 0;
		};
/* End PBXResourcesBuildPhase section */

/* Begin PBXSourcesBuildPhase section */
		D45F51142884965B009CCF94 /* Sources */ = {
			isa = PBXSourcesBuildPhase;
			buildActionMask = 2147483647;
			files = (
				D4CDF8812888971E002BB7D4 /* LetterButtonView.swift in Sources */,
				D45F51232884965B009CCF94 /* GameView.swift in Sources */,
				D45F51402884AADA009CCF94 /* GuessView.swift in Sources */,
				D45F513C2884A953009CCF94 /* Guess.swift in Sources */,
				D4CDF8842888ADAB002BB7D4 /* Keyboard.swift in Sources */,
				D45F51352884A4A9009CCF94 /* Color+Extension.swift in Sources */,
				D45F51442884B679009CCF94 /* WordleDataModel.swift in Sources */,
				D45F51212884965B009CCF94 /* WordleCloneApp.swift in Sources */,
				D45F51472884BB45009CCF94 /* Global.swift in Sources */,
			);
			runOnlyForDeploymentPostprocessing = 0;
		};
		D45F511A2884965B009CCF94 /* Sources */ = {
			isa = PBXSourcesBuildPhase;
			buildActionMask = 2147483647;
			files = (
				D4CDF8822888971E002BB7D4 /* LetterButtonView.swift in Sources */,
				D45F51242884965B009CCF94 /* GameView.swift in Sources */,
				D45F51412884AADA009CCF94 /* GuessView.swift in Sources */,
				D45F513D2884A953009CCF94 /* Guess.swift in Sources */,
				D4CDF8852888ADAB002BB7D4 /* Keyboard.swift in Sources */,
				D45F51362884A4A9009CCF94 /* Color+Extension.swift in Sources */,
				D45F51452884B679009CCF94 /* WordleDataModel.swift in Sources */,
				D45F51222884965B009CCF94 /* WordleCloneApp.swift in Sources */,
				D45F51482884BB45009CCF94 /* Global.swift in Sources */,
			);
			runOnlyForDeploymentPostprocessing = 0;
		};
/* End PBXSourcesBuildPhase section */

/* Begin XCBuildConfiguration section */
		D45F51272884965B009CCF94 /* Debug */ = {
			isa = XCBuildConfiguration;
			buildSettings = {
				ALWAYS_SEARCH_USER_PATHS = NO;
				CLANG_ANALYZER_NONNULL = YES;
				CLANG_ANALYZER_NUMBER_OBJECT_CONVERSION = YES_AGGRESSIVE;
				CLANG_CXX_LANGUAGE_STANDARD = "gnu++17";
				CLANG_ENABLE_MODULES = YES;
				CLANG_ENABLE_OBJC_ARC = YES;
				CLANG_ENABLE_OBJC_WEAK = YES;
				CLANG_WARN_BLOCK_CAPTURE_AUTORELEASING = YES;
				CLANG_WARN_BOOL_CONVERSION = YES;
				CLANG_WARN_COMMA = YES;
				CLANG_WARN_CONSTANT_CONVERSION = YES;
				CLANG_WARN_DEPRECATED_OBJC_IMPLEMENTATIONS = YES;
				CLANG_WARN_DIRECT_OBJC_ISA_USAGE = YES_ERROR;
				CLANG_WARN_DOCUMENTATION_COMMENTS = YES;
				CLANG_WARN_EMPTY_BODY = YES;
				CLANG_WARN_ENUM_CONVERSION = YES;
				CLANG_WARN_INFINITE_RECURSION = YES;
				CLANG_WARN_INT_CONVERSION = YES;
				CLANG_WARN_NON_LITERAL_NULL_CONVERSION = YES;
				CLANG_WARN_OBJC_IMPLICIT_RETAIN_SELF = YES;
				CLANG_WARN_OBJC_LITERAL_CONVERSION = YES;
				CLANG_WARN_OBJC_ROOT_CLASS = YES_ERROR;
				CLANG_WARN_QUOTED_INCLUDE_IN_FRAMEWORK_HEADER = YES;
				CLANG_WARN_RANGE_LOOP_ANALYSIS = YES;
				CLANG_WARN_STRICT_PROTOTYPES = YES;
				CLANG_WARN_SUSPICIOUS_MOVE = YES;
				CLANG_WARN_UNGUARDED_AVAILABILITY = YES_AGGRESSIVE;
				CLANG_WARN_UNREACHABLE_CODE = YES;
				CLANG_WARN__DUPLICATE_METHOD_MATCH = YES;
				COPY_PHASE_STRIP = NO;
				DEBUG_INFORMATION_FORMAT = dwarf;
				ENABLE_STRICT_OBJC_MSGSEND = YES;
				ENABLE_TESTABILITY = YES;
				GCC_C_LANGUAGE_STANDARD = gnu11;
				GCC_DYNAMIC_NO_PIC = NO;
				GCC_NO_COMMON_BLOCKS = YES;
				GCC_OPTIMIZATION_LEVEL = 0;
				GCC_PREPROCESSOR_DEFINITIONS = (
					"DEBUG=1",
					"$(inherited)",
				);
				GCC_WARN_64_TO_32_BIT_CONVERSION = YES;
				GCC_WARN_ABOUT_RETURN_TYPE = YES_ERROR;
				GCC_WARN_UNDECLARED_SELECTOR = YES;
				GCC_WARN_UNINITIALIZED_AUTOS = YES_AGGRESSIVE;
				GCC_WARN_UNUSED_FUNCTION = YES;
				GCC_WARN_UNUSED_VARIABLE = YES;
				MTL_ENABLE_DEBUG_INFO = INCLUDE_SOURCE;
				MTL_FAST_MATH = YES;
				ONLY_ACTIVE_ARCH = YES;
				SWIFT_ACTIVE_COMPILATION_CONDITIONS = DEBUG;
				SWIFT_OPTIMIZATION_LEVEL = "-Onone";
			};
			name = Debug;
		};
		D45F51282884965B009CCF94 /* Release */ = {
			isa = XCBuildConfiguration;
			buildSettings = {
				ALWAYS_SEARCH_USER_PATHS = NO;
				CLANG_ANALYZER_NONNULL = YES;
				CLANG_ANALYZER_NUMBER_OBJECT_CONVERSION = YES_AGGRESSIVE;
				CLANG_CXX_LANGUAGE_STANDARD = "gnu++17";
				CLANG_ENABLE_MODULES = YES;
				CLANG_ENABLE_OBJC_ARC = YES;
				CLANG_ENABLE_OBJC_WEAK = YES;
				CLANG_WARN_BLOCK_CAPTURE_AUTORELEASING = YES;
				CLANG_WARN_BOOL_CONVERSION = YES;
				CLANG_WARN_COMMA = YES;
				CLANG_WARN_CONSTANT_CONVERSION = YES;
				CLANG_WARN_DEPRECATED_OBJC_IMPLEMENTATIONS = YES;
				CLANG_WARN_DIRECT_OBJC_ISA_USAGE = YES_ERROR;
				CLANG_WARN_DOCUMENTATION_COMMENTS = YES;
				CLANG_WARN_EMPTY_BODY = YES;
				CLANG_WARN_ENUM_CONVERSION = YES;
				CLANG_WARN_INFINITE_RECURSION = YES;
				CLANG_WARN_INT_CONVERSION = YES;
				CLANG_WARN_NON_LITERAL_NULL_CONVERSION = YES;
				CLANG_WARN_OBJC_IMPLICIT_RETAIN_SELF = YES;
				CLANG_WARN_OBJC_LITERAL_CONVERSION = YES;
				CLANG_WARN_OBJC_ROOT_CLASS = YES_ERROR;
				CLANG_WARN_QUOTED_INCLUDE_IN_FRAMEWORK_HEADER = YES;
				CLANG_WARN_RANGE_LOOP_ANALYSIS = YES;
				CLANG_WARN_STRICT_PROTOTYPES = YES;
				CLANG_WARN_SUSPICIOUS_MOVE = YES;
				CLANG_WARN_UNGUARDED_AVAILABILITY = YES_AGGRESSIVE;
				CLANG_WARN_UNREACHABLE_CODE = YES;
				CLANG_WARN__DUPLICATE_METHOD_MATCH = YES;
				COPY_PHASE_STRIP = NO;
				DEBUG_INFORMATION_FORMAT = "dwarf-with-dsym";
				ENABLE_NS_ASSERTIONS = NO;
				ENABLE_STRICT_OBJC_MSGSEND = YES;
				GCC_C_LANGUAGE_STANDARD = gnu11;
				GCC_NO_COMMON_BLOCKS = YES;
				GCC_WARN_64_TO_32_BIT_CONVERSION = YES;
				GCC_WARN_ABOUT_RETURN_TYPE = YES_ERROR;
				GCC_WARN_UNDECLARED_SELECTOR = YES;
				GCC_WARN_UNINITIALIZED_AUTOS = YES_AGGRESSIVE;
				GCC_WARN_UNUSED_FUNCTION = YES;
				GCC_WARN_UNUSED_VARIABLE = YES;
				MTL_ENABLE_DEBUG_INFO = NO;
				MTL_FAST_MATH = YES;
				SWIFT_COMPILATION_MODE = wholemodule;
				SWIFT_OPTIMIZATION_LEVEL = "-O";
			};
			name = Release;
		};
		D45F512A2884965B009CCF94 /* Debug */ = {
			isa = XCBuildConfiguration;
			buildSettings = {
				ASSETCATALOG_COMPILER_APPICON_NAME = AppIcon;
				ASSETCATALOG_COMPILER_GLOBAL_ACCENT_COLOR_NAME = AccentColor;
				CODE_SIGN_STYLE = Automatic;
				CURRENT_PROJECT_VERSION = 1;
				DEVELOPMENT_TEAM = 47E3RRLYKE;
				ENABLE_PREVIEWS = YES;
				GENERATE_INFOPLIST_FILE = YES;
				INFOPLIST_FILE = "WordleClone--iOS--Info.plist";
				INFOPLIST_KEY_UIApplicationSceneManifest_Generation = YES;
				INFOPLIST_KEY_UIApplicationSupportsIndirectInputEvents = YES;
				INFOPLIST_KEY_UILaunchScreen_Generation = YES;
				INFOPLIST_KEY_UILaunchStoryboardName = "Launch Screen";
				INFOPLIST_KEY_UIRequiresFullScreen = YES;
				INFOPLIST_KEY_UISupportedInterfaceOrientations_iPad = "UIInterfaceOrientationPortrait UIInterfaceOrientationPortraitUpsideDown UIInterfaceOrientationLandscapeLeft UIInterfaceOrientationLandscapeRight";
				INFOPLIST_KEY_UISupportedInterfaceOrientations_iPhone = UIInterfaceOrientationPortrait;
				IPHONEOS_DEPLOYMENT_TARGET = 15.5;
				LD_RUNPATH_SEARCH_PATHS = (
					"$(inherited)",
					"@executable_path/Frameworks",
				);
				MARKETING_VERSION = 1.0;
				PRODUCT_BUNDLE_IDENTIFIER = com.emiyaconsulting.WordleClone;
				PRODUCT_NAME = WordleClone;
				SDKROOT = iphoneos;
				SWIFT_EMIT_LOC_STRINGS = YES;
				SWIFT_VERSION = 5.0;
				TARGETED_DEVICE_FAMILY = "1,2";
			};
			name = Debug;
		};
		D45F512B2884965B009CCF94 /* Release */ = {
			isa = XCBuildConfiguration;
			buildSettings = {
				ASSETCATALOG_COMPILER_APPICON_NAME = AppIcon;
				ASSETCATALOG_COMPILER_GLOBAL_ACCENT_COLOR_NAME = AccentColor;
				CODE_SIGN_STYLE = Automatic;
				CURRENT_PROJECT_VERSION = 1;
				DEVELOPMENT_TEAM = 47E3RRLYKE;
				ENABLE_PREVIEWS = YES;
				GENERATE_INFOPLIST_FILE = YES;
				INFOPLIST_FILE = "WordleClone--iOS--Info.plist";
				INFOPLIST_KEY_UIApplicationSceneManifest_Generation = YES;
				INFOPLIST_KEY_UIApplicationSupportsIndirectInputEvents = YES;
				INFOPLIST_KEY_UILaunchScreen_Generation = YES;
				INFOPLIST_KEY_UILaunchStoryboardName = "Launch Screen";
				INFOPLIST_KEY_UIRequiresFullScreen = YES;
				INFOPLIST_KEY_UISupportedInterfaceOrientations_iPad = "UIInterfaceOrientationPortrait UIInterfaceOrientationPortraitUpsideDown UIInterfaceOrientationLandscapeLeft UIInterfaceOrientationLandscapeRight";
				INFOPLIST_KEY_UISupportedInterfaceOrientations_iPhone = UIInterfaceOrientationPortrait;
				IPHONEOS_DEPLOYMENT_TARGET = 15.5;
				LD_RUNPATH_SEARCH_PATHS = (
					"$(inherited)",
					"@executable_path/Frameworks",
				);
				MARKETING_VERSION = 1.0;
				PRODUCT_BUNDLE_IDENTIFIER = com.emiyaconsulting.WordleClone;
				PRODUCT_NAME = WordleClone;
				SDKROOT = iphoneos;
				SWIFT_EMIT_LOC_STRINGS = YES;
				SWIFT_VERSION = 5.0;
				TARGETED_DEVICE_FAMILY = "1,2";
				VALIDATE_PRODUCT = YES;
			};
			name = Release;
		};
		D45F512D2884965B009CCF94 /* Debug */ = {
			isa = XCBuildConfiguration;
			buildSettings = {
				ASSETCATALOG_COMPILER_APPICON_NAME = AppIcon;
				ASSETCATALOG_COMPILER_GLOBAL_ACCENT_COLOR_NAME = AccentColor;
				CODE_SIGN_ENTITLEMENTS = macOS/macOS.entitlements;
				CODE_SIGN_STYLE = Automatic;
				COMBINE_HIDPI_IMAGES = YES;
				CURRENT_PROJECT_VERSION = 1;
				DEVELOPMENT_TEAM = 47E3RRLYKE;
				ENABLE_HARDENED_RUNTIME = YES;
				ENABLE_PREVIEWS = YES;
				GENERATE_INFOPLIST_FILE = YES;
				INFOPLIST_KEY_NSHumanReadableCopyright = "";
				LD_RUNPATH_SEARCH_PATHS = (
					"$(inherited)",
					"@executable_path/../Frameworks",
				);
				MACOSX_DEPLOYMENT_TARGET = 12.3;
				MARKETING_VERSION = 1.0;
				PRODUCT_BUNDLE_IDENTIFIER = com.emiyaconsulting.WordleClone;
				PRODUCT_NAME = WordleClone;
				SDKROOT = macosx;
				SWIFT_EMIT_LOC_STRINGS = YES;
				SWIFT_VERSION = 5.0;
			};
			name = Debug;
		};
		D45F512E2884965B009CCF94 /* Release */ = {
			isa = XCBuildConfiguration;
			buildSettings = {
				ASSETCATALOG_COMPILER_APPICON_NAME = AppIcon;
				ASSETCATALOG_COMPILER_GLOBAL_ACCENT_COLOR_NAME = AccentColor;
				CODE_SIGN_ENTITLEMENTS = macOS/macOS.entitlements;
				CODE_SIGN_STYLE = Automatic;
				COMBINE_HIDPI_IMAGES = YES;
				CURRENT_PROJECT_VERSION = 1;
				DEVELOPMENT_TEAM = 47E3RRLYKE;
				ENABLE_HARDENED_RUNTIME = YES;
				ENABLE_PREVIEWS = YES;
				GENERATE_INFOPLIST_FILE = YES;
				INFOPLIST_KEY_NSHumanReadableCopyright = "";
				LD_RUNPATH_SEARCH_PATHS = (
					"$(inherited)",
					"@executable_path/../Frameworks",
				);
				MACOSX_DEPLOYMENT_TARGET = 12.3;
				MARKETING_VERSION = 1.0;
				PRODUCT_BUNDLE_IDENTIFIER = com.emiyaconsulting.WordleClone;
				PRODUCT_NAME = WordleClone;
				SDKROOT = macosx;
				SWIFT_EMIT_LOC_STRINGS = YES;
				SWIFT_VERSION = 5.0;
			};
			name = Release;
		};
/* End XCBuildConfiguration section */

/* Begin XCConfigurationList section */
		D45F510F28849659009CCF94 /* Build configuration list for PBXProject "WordleClone" */ = {
			isa = XCConfigurationList;
			buildConfigurations = (
				D45F51272884965B009CCF94 /* Debug */,
				D45F51282884965B009CCF94 /* Release */,
			);
			defaultConfigurationIsVisible = 0;
			defaultConfigurationName = Release;
		};
		D45F51292884965B009CCF94 /* Build configuration list for PBXNativeTarget "WordleClone (iOS)" */ = {
			isa = XCConfigurationList;
			buildConfigurations = (
				D45F512A2884965B009CCF94 /* Debug */,
				D45F512B2884965B009CCF94 /* Release */,
			);
			defaultConfigurationIsVisible = 0;
			defaultConfigurationName = Release;
		};
		D45F512C2884965B009CCF94 /* Build configuration list for PBXNativeTarget "WordleClone (macOS)" */ = {
			isa = XCConfigurationList;
			buildConfigurations = (
				D45F512D2884965B009CCF94 /* Debug */,
				D45F512E2884965B009CCF94 /* Release */,
			);
			defaultConfigurationIsVisible = 0;
			defaultConfigurationName = Release;
		};
/* End XCConfigurationList section */
	};
	rootObject = D45F510C28849659009CCF94 /* Project object */;
}
